
Microsoft Visual Studio Solution File, Format Version 12.00
Project("{FAE04EC0-301F-11D3-BF4B-00C04F79EFBC}") = "Lenimal.FolderCleanup", "Lenimal.FolderCleanup\Lenimal.FolderCleanup.csproj", "{FEFD7CEF-BBEE-4568-8E44-CD3BCD86BFAF}"
EndProject
Global
	GlobalSection(SolutionConfigurationPlatforms) = preSolution
		Debug|Any CPU = Debug|Any CPU
		Release|Any CPU = Release|Any CPU
	EndGlobalSection
	GlobalSection(ProjectConfigurationPlatforms) = postSolution
		{FEFD7CEF-BBEE-4568-8E44-CD3BCD86BFAF}.Debug|Any CPU.ActiveCfg = Debug|Any CPU
		{FEFD7CEF-BBEE-4568-8E44-CD3BCD86BFAF}.Debug|Any CPU.Build.0 = Debug|Any CPU
		{FEFD7CEF-BBEE-4568-8E44-CD3BCD86BFAF}.Release|Any CPU.ActiveCfg = Release|Any CPU
		{FEFD7CEF-BBEE-4568-8E44-CD3BCD86BFAF}.Release|Any CPU.Build.0 = Release|Any CPU
	EndGlobalSection
EndGlobal
